
Microsoft Visual Studio Solution File, Format Version 12.00
# Visual Studio 2012
Project("{FAE04EC0-301F-11D3-BF4B-00C04F79EFBC}") = "CTG", "CTG.csproj", "{B39243F8-9430-43A0-BFDF-099EBC9E8282}"
EndProject
Global
	GlobalSection(SolutionConfigurationPlatforms) = preSolution
		Debug|Any CPU = Debug|Any CPU
		Release|Any CPU = Release|Any CPU
	EndGlobalSection
	GlobalSection(ProjectConfigurationPlatforms) = postSolution
		{B39243F8-9430-43A0-BFDF-099EBC9E8282}.Debug|Any CPU.ActiveCfg = Debug|Any CPU
		{B39243F8-9430-43A0-BFDF-099EBC9E8282}.Debug|Any CPU.Build.0 = Debug|Any CPU
		{B39243F8-9430-43A0-BFDF-099EBC9E8282}.Release|Any CPU.ActiveCfg = Release|Any CPU
		{B39243F8-9430-43A0-BFDF-099EBC9E8282}.Release|Any CPU.Build.0 = Release|Any CPU
	EndGlobalSection
	GlobalSection(SolutionProperties) = preSolution
		HideSolutionNode = FALSE
	EndGlobalSection
EndGlobal
